
Microsoft Visual Studio Solution File, Format Version 12.00
# Visual Studio Version 16
VisualStudioVersion = 16.0.29806.167
MinimumVisualStudioVersion = 10.0.40219.1
Project("{FAE04EC0-301F-11D3-BF4B-00C04F79EFBC}") = "Z_8_WPF", "Z_8_WPF\Z_8_WPF.csproj", "{CC171809-C783-4F15-A78E-24CF3A427F1F}"
EndProject
Global
	GlobalSection(SolutionConfigurationPlatforms) = preSolution
		Debug|Any CPU = Debug|Any CPU
		Release|Any CPU = Release|Any CPU
	EndGlobalSection
	GlobalSection(ProjectConfigurationPlatforms) = postSolution
		{CC171809-C783-4F15-A78E-24CF3A427F1F}.Debug|Any CPU.ActiveCfg = Debug|Any CPU
		{CC171809-C783-4F15-A78E-24CF3A427F1F}.Debug|Any CPU.Build.0 = Debug|Any CPU
		{CC171809-C783-4F15-A78E-24CF3A427F1F}.Release|Any CPU.ActiveCfg = Release|Any CPU
		{CC171809-C783-4F15-A78E-24CF3A427F1F}.Release|Any CPU.Build.0 = Release|Any CPU
	EndGlobalSection
	GlobalSection(SolutionProperties) = preSolution
		HideSolutionNode = FALSE
	EndGlobalSection
	GlobalSection(ExtensibilityGlobals) = postSolution
		SolutionGuid = {5736830E-8A7E-46C3-BD8F-616D549B1326}
	EndGlobalSection
EndGlobal
